
Microsoft Visual Studio Solution File, Format Version 12.00
# Visual Studio 15
VisualStudioVersion = 15.0.28307.421
MinimumVisualStudioVersion = 10.0.40219.1
Project("{FAE04EC0-301F-11D3-BF4B-00C04F79EFBC}") = "AzDemo", "AzDemo\AzDemo.csproj", "{08DBE008-0721-45A0-9F70-EF4CCDA45565}"
EndProject
Global
	GlobalSection(SolutionConfigurationPlatforms) = preSolution
		Debug|Any CPU = Debug|Any CPU
		Release|Any CPU = Release|Any CPU
	EndGlobalSection
	GlobalSection(ProjectConfigurationPlatforms) = postSolution
		{08DBE008-0721-45A0-9F70-EF4CCDA45565}.Debug|Any CPU.ActiveCfg = Debug|Any CPU
		{08DBE008-0721-45A0-9F70-EF4CCDA45565}.Debug|Any CPU.Build.0 = Debug|Any CPU
		{08DBE008-0721-45A0-9F70-EF4CCDA45565}.Release|Any CPU.ActiveCfg = Release|Any CPU
		{08DBE008-0721-45A0-9F70-EF4CCDA45565}.Release|Any CPU.Build.0 = Release|Any CPU
	EndGlobalSection
	GlobalSection(SolutionProperties) = preSolution
		HideSolutionNode = FALSE
	EndGlobalSection
	GlobalSection(ExtensibilityGlobals) = postSolution
		SolutionGuid = {DFD3A573-9205-4FB0-A6E0-F2B09E48A262}
	EndGlobalSection
EndGlobal
